
Microsoft Visual Studio Solution File, Format Version 12.00
# Visual Studio Version 17
VisualStudioVersion = 17.11.35222.181
MinimumVisualStudioVersion = 10.0.40219.1
Project("{FAE04EC0-301F-11D3-BF4B-00C04F79EFBC}") = "AktiehandelRepositoryLib", "AktiehandelRepositoryLib\AktiehandelRepositoryLib.csproj", "{8D7C58C5-A14B-47FB-A559-47B2D4C0A850}"
EndProject
Project("{FAE04EC0-301F-11D3-BF4B-00C04F79EFBC}") = "TestAktieHandelRepositoryLib", "TestAktieHandelRepositoryLib\TestAktieHandelRepositoryLib.csproj", "{013E46B6-9BE0-4D6D-8742-63A90F7FF4AC}"
EndProject
Project("{FAE04EC0-301F-11D3-BF4B-00C04F79EFBC}") = "AktiehandelRepositoryConsole", "AktiehandelRepositoryConsole\AktiehandelRepositoryConsole.csproj", "{5BABB488-3D73-40CA-8F65-CDB7B2DE1873}"
EndProject
Global
	GlobalSection(SolutionConfigurationPlatforms) = preSolution
		Debug|Any CPU = Debug|Any CPU
		Release|Any CPU = Release|Any CPU
	EndGlobalSection
	GlobalSection(ProjectConfigurationPlatforms) = postSolution
		{8D7C58C5-A14B-47FB-A559-47B2D4C0A850}.Debug|Any CPU.ActiveCfg = Debug|Any CPU
		{8D7C58C5-A14B-47FB-A559-47B2D4C0A850}.Debug|Any CPU.Build.0 = Debug|Any CPU
		{8D7C58C5-A14B-47FB-A559-47B2D4C0A850}.Release|Any CPU.ActiveCfg = Release|Any CPU
		{8D7C58C5-A14B-47FB-A559-47B2D4C0A850}.Release|Any CPU.Build.0 = Release|Any CPU
		{013E46B6-9BE0-4D6D-8742-63A90F7FF4AC}.Debug|Any CPU.ActiveCfg = Debug|Any CPU
		{013E46B6-9BE0-4D6D-8742-63A90F7FF4AC}.Debug|Any CPU.Build.0 = Debug|Any CPU
		{013E46B6-9BE0-4D6D-8742-63A90F7FF4AC}.Release|Any CPU.ActiveCfg = Release|Any CPU
		{013E46B6-9BE0-4D6D-8742-63A90F7FF4AC}.Release|Any CPU.Build.0 = Release|Any CPU
		{5BABB488-3D73-40CA-8F65-CDB7B2DE1873}.Debug|Any CPU.ActiveCfg = Debug|Any CPU
		{5BABB488-3D73-40CA-8F65-CDB7B2DE1873}.Debug|Any CPU.Build.0 = Debug|Any CPU
		{5BABB488-3D73-40CA-8F65-CDB7B2DE1873}.Release|Any CPU.ActiveCfg = Release|Any CPU
		{5BABB488-3D73-40CA-8F65-CDB7B2DE1873}.Release|Any CPU.Build.0 = Release|Any CPU
	EndGlobalSection
	GlobalSection(SolutionProperties) = preSolution
		HideSolutionNode = FALSE
	EndGlobalSection
	GlobalSection(ExtensibilityGlobals) = postSolution
		SolutionGuid = {204D1795-5FC9-4383-80B5-410F1FC2C208}
	EndGlobalSection
EndGlobal
